
Microsoft Visual Studio Solution File, Format Version 12.00
# Visual Studio Version 17
VisualStudioVersion = 17.11.35327.3
MinimumVisualStudioVersion = 10.0.40219.1
Project("{FAE04EC0-301F-11D3-BF4B-00C04F79EFBC}") = "BlazorGoogleAuth.Server", "BlazorGoogleAuth\Server\BlazorGoogleAuth.Server.csproj", "{C366BC59-803B-40A3-9D03-215639AF1F62}"
EndProject
Project("{FAE04EC0-301F-11D3-BF4B-00C04F79EFBC}") = "BlazorGoogleAuth.Client", "BlazorGoogleAuth\Client\BlazorGoogleAuth.Client.csproj", "{11D7DA59-5329-4466-8993-F7240A8B4453}"
EndProject
Project("{FAE04EC0-301F-11D3-BF4B-00C04F79EFBC}") = "BlazorGoogleAuth.Shared", "BlazorGoogleAuth\Shared\BlazorGoogleAuth.Shared.csproj", "{64DDA8B3-32B7-4440-B2FC-6CDECE54BB2A}"
EndProject
Global
	GlobalSection(SolutionConfigurationPlatforms) = preSolution
		Debug|Any CPU = Debug|Any CPU
		Release|Any CPU = Release|Any CPU
	EndGlobalSection
	GlobalSection(ProjectConfigurationPlatforms) = postSolution
		{C366BC59-803B-40A3-9D03-215639AF1F62}.Debug|Any CPU.ActiveCfg = Debug|Any CPU
		{C366BC59-803B-40A3-9D03-215639AF1F62}.Debug|Any CPU.Build.0 = Debug|Any CPU
		{C366BC59-803B-40A3-9D03-215639AF1F62}.Release|Any CPU.ActiveCfg = Release|Any CPU
		{C366BC59-803B-40A3-9D03-215639AF1F62}.Release|Any CPU.Build.0 = Release|Any CPU
		{11D7DA59-5329-4466-8993-F7240A8B4453}.Debug|Any CPU.ActiveCfg = Debug|Any CPU
		{11D7DA59-5329-4466-8993-F7240A8B4453}.Debug|Any CPU.Build.0 = Debug|Any CPU
		{11D7DA59-5329-4466-8993-F7240A8B4453}.Release|Any CPU.ActiveCfg = Release|Any CPU
		{11D7DA59-5329-4466-8993-F7240A8B4453}.Release|Any CPU.Build.0 = Release|Any CPU
		{64DDA8B3-32B7-4440-B2FC-6CDECE54BB2A}.Debug|Any CPU.ActiveCfg = Debug|Any CPU
		{64DDA8B3-32B7-4440-B2FC-6CDECE54BB2A}.Debug|Any CPU.Build.0 = Debug|Any CPU
		{64DDA8B3-32B7-4440-B2FC-6CDECE54BB2A}.Release|Any CPU.ActiveCfg = Release|Any CPU
		{64DDA8B3-32B7-4440-B2FC-6CDECE54BB2A}.Release|Any CPU.Build.0 = Release|Any CPU
	EndGlobalSection
	GlobalSection(SolutionProperties) = preSolution
		HideSolutionNode = FALSE
	EndGlobalSection
	GlobalSection(ExtensibilityGlobals) = postSolution
		SolutionGuid = {691DC1EF-5E3D-4F75-91A0-BAC2E1020865}
	EndGlobalSection
EndGlobal
